
Microsoft Visual Studio Solution File, Format Version 11.00
# Visual C++ Express 2010
Project("{8BC9CEB8-8B4A-11D0-8D11-00A0C91BC942}") = "ProtoGL", "ProtoGL.vcxproj", "{AA0C3482-CEA7-4EBF-BA0E-1DDFC5E3C66F}"
EndProject
Global
	GlobalSection(SolutionConfigurationPlatforms) = preSolution
		Debug|Win32 = Debug|Win32
		Release|Win32 = Release|Win32
	EndGlobalSection
	GlobalSection(ProjectConfigurationPlatforms) = postSolution
		{AA0C3482-CEA7-4EBF-BA0E-1DDFC5E3C66F}.Debug|Win32.ActiveCfg = Debug|Win32
		{AA0C3482-CEA7-4EBF-BA0E-1DDFC5E3C66F}.Debug|Win32.Build.0 = Debug|Win32
		{AA0C3482-CEA7-4EBF-BA0E-1DDFC5E3C66F}.Release|Win32.ActiveCfg = Release|Win32
		{AA0C3482-CEA7-4EBF-BA0E-1DDFC5E3C66F}.Release|Win32.Build.0 = Release|Win32
	EndGlobalSection
	GlobalSection(SolutionProperties) = preSolution
		HideSolutionNode = FALSE
	EndGlobalSection
EndGlobal
